
Microsoft Visual Studio Solution File, Format Version 12.00
# Visual Studio Version 16
VisualStudioVersion = 16.0.29424.173
MinimumVisualStudioVersion = 10.0.40219.1
Project("{FAE04EC0-301F-11D3-BF4B-00C04F79EFBC}") = "Day2.UWP", "Day2\Day2.UWP\Day2.UWP.csproj", "{57B79694-AD0F-4EC8-B776-D53E2CE0333F}"
EndProject
Project("{FAE04EC0-301F-11D3-BF4B-00C04F79EFBC}") = "Day2.Android", "Day2\Day2.Android\Day2.Android.csproj", "{B53112EE-4C50-459C-A2C3-CA839F90B6EB}"
EndProject
Project("{FAE04EC0-301F-11D3-BF4B-00C04F79EFBC}") = "Day2.iOS", "Day2\Day2.iOS\Day2.iOS.csproj", "{32BC8156-8411-4F22-9BA6-DA5BCE6C3259}"
EndProject
Project("{FAE04EC0-301F-11D3-BF4B-00C04F79EFBC}") = "Day2", "Day2\Day2\Day2.csproj", "{B54413CE-C0EB-4166-88DC-F7BA614B88BE}"
EndProject
Global
	GlobalSection(SolutionConfigurationPlatforms) = preSolution
		Debug|Any CPU = Debug|Any CPU
		Debug|ARM = Debug|ARM
		Debug|iPhone = Debug|iPhone
		Debug|iPhoneSimulator = Debug|iPhoneSimulator
		Debug|x64 = Debug|x64
		Debug|x86 = Debug|x86
		Release|Any CPU = Release|Any CPU
		Release|ARM = Release|ARM
		Release|iPhone = Release|iPhone
		Release|iPhoneSimulator = Release|iPhoneSimulator
		Release|x64 = Release|x64
		Release|x86 = Release|x86
	EndGlobalSection
	GlobalSection(ProjectConfigurationPlatforms) = postSolution
		{57B79694-AD0F-4EC8-B776-D53E2CE0333F}.Debug|Any CPU.ActiveCfg = Debug|x86
		{57B79694-AD0F-4EC8-B776-D53E2CE0333F}.Debug|Any CPU.Build.0 = Debug|x86
		{57B79694-AD0F-4EC8-B776-D53E2CE0333F}.Debug|Any CPU.Deploy.0 = Debug|x86
		{57B79694-AD0F-4EC8-B776-D53E2CE0333F}.Debug|ARM.ActiveCfg = Debug|ARM
		{57B79694-AD0F-4EC8-B776-D53E2CE0333F}.Debug|ARM.Build.0 = Debug|ARM
		{57B79694-AD0F-4EC8-B776-D53E2CE0333F}.Debug|ARM.Deploy.0 = Debug|ARM
		{57B79694-AD0F-4EC8-B776-D53E2CE0333F}.Debug|iPhone.ActiveCfg = Debug|x86
		{57B79694-AD0F-4EC8-B776-D53E2CE0333F}.Debug|iPhone.Build.0 = Debug|x86
		{57B79694-AD0F-4EC8-B776-D53E2CE0333F}.Debug|iPhone.Deploy.0 = Debug|x86
		{57B79694-AD0F-4EC8-B776-D53E2CE0333F}.Debug|iPhoneSimulator.ActiveCfg = Debug|x86
		{57B79694-AD0F-4EC8-B776-D53E2CE0333F}.Debug|iPhoneSimulator.Build.0 = Debug|x86
		{57B79694-AD0F-4EC8-B776-D53E2CE0333F}.Debug|iPhoneSimulator.Deploy.0 = Debug|x86
		{57B79694-AD0F-4EC8-B776-D53E2CE0333F}.Debug|x64.ActiveCfg = Debug|x64
		{57B79694-AD0F-4EC8-B776-D53E2CE0333F}.Debug|x64.Build.0 = Debug|x64
		{57B79694-AD0F-4EC8-B776-D53E2CE0333F}.Debug|x64.Deploy.0 = Debug|x64
		{57B79694-AD0F-4EC8-B776-D53E2CE0333F}.Debug|x86.ActiveCfg = Debug|x86
		{57B79694-AD0F-4EC8-B776-D53E2CE0333F}.Debug|x86.Build.0 = Debug|x86
		{57B79694-AD0F-4EC8-B776-D53E2CE0333F}.Debug|x86.Deploy.0 = Debug|x86
		{57B79694-AD0F-4EC8-B776-D53E2CE0333F}.Release|Any CPU.ActiveCfg = Release|x86
		{57B79694-AD0F-4EC8-B776-D53E2CE0333F}.Release|Any CPU.Build.0 = Release|x86
		{57B79694-AD0F-4EC8-B776-D53E2CE0333F}.Release|Any CPU.Deploy.0 = Release|x86
		{57B79694-AD0F-4EC8-B776-D53E2CE0333F}.Release|ARM.ActiveCfg = Release|ARM
		{57B79694-AD0F-4EC8-B776-D53E2CE0333F}.Release|ARM.Build.0 = Release|ARM
		{57B79694-AD0F-4EC8-B776-D53E2CE0333F}.Release|ARM.Deploy.0 = Release|ARM
		{57B79694-AD0F-4EC8-B776-D53E2CE0333F}.Release|iPhone.ActiveCfg = Release|x86
		{57B79694-AD0F-4EC8-B776-D53E2CE0333F}.Release|iPhone.Build.0 = Release|x86
		{57B79694-AD0F-4EC8-B776-D53E2CE0333F}.Release|iPhone.Deploy.0 = Release|x86
		{57B79694-AD0F-4EC8-B776-D53E2CE0333F}.Release|iPhoneSimulator.ActiveCfg = Release|x86
		{57B79694-AD0F-4EC8-B776-D53E2CE0333F}.Release|iPhoneSimulator.Build.0 = Release|x86
		{57B79694-AD0F-4EC8-B776-D53E2CE0333F}.Release|iPhoneSimulator.Deploy.0 = Release|x86
		{57B79694-AD0F-4EC8-B776-D53E2CE0333F}.Release|x64.ActiveCfg = Release|x64
		{57B79694-AD0F-4EC8-B776-D53E2CE0333F}.Release|x64.Build.0 = Release|x64
		{57B79694-AD0F-4EC8-B776-D53E2CE0333F}.Release|x64.Deploy.0 = Release|x64
		{57B79694-AD0F-4EC8-B776-D53E2CE0333F}.Release|x86.ActiveCfg = Release|x86
		{57B79694-AD0F-4EC8-B776-D53E2CE0333F}.Release|x86.Build.0 = Release|x86
		{57B79694-AD0F-4EC8-B776-D53E2CE0333F}.Release|x86.Deploy.0 = Release|x86
		{B53112EE-4C50-459C-A2C3-CA839F90B6EB}.Debug|Any CPU.ActiveCfg = Debug|Any CPU
		{B53112EE-4C50-459C-A2C3-CA839F90B6EB}.Debug|Any CPU.Build.0 = Debug|Any CPU
		{B53112EE-4C50-459C-A2C3-CA839F90B6EB}.Debug|Any CPU.Deploy.0 = Debug|Any CPU
		{B53112EE-4C50-459C-A2C3-CA839F90B6EB}.Debug|ARM.ActiveCfg = Debug|Any CPU
		{B53112EE-4C50-459C-A2C3-CA839F90B6EB}.Debug|ARM.Build.0 = Debug|Any CPU
		{B53112EE-4C50-459C-A2C3-CA839F90B6EB}.Debug|ARM.Deploy.0 = Debug|Any CPU
		{B53112EE-4C50-459C-A2C3-CA839F90B6EB}.Debug|iPhone.ActiveCfg = Debug|Any CPU
		{B53112EE-4C50-459C-A2C3-CA839F90B6EB}.Debug|iPhone.Build.0 = Debug|Any CPU
		{B53112EE-4C50-459C-A2C3-CA839F90B6EB}.Debug|iPhone.Deploy.0 = Debug|Any CPU
		{B53112EE-4C50-459C-A2C3-CA839F90B6EB}.Debug|iPhoneSimulator.ActiveCfg = Debug|Any CPU
		{B53112EE-4C50-459C-A2C3-CA839F90B6EB}.Debug|iPhoneSimulator.Build.0 = Debug|Any CPU
		{B53112EE-4C50-459C-A2C3-CA839F90B6EB}.Debug|iPhoneSimulator.Deploy.0 = Debug|Any CPU
		{B53112EE-4C50-459C-A2C3-CA839F90B6EB}.Debug|x64.ActiveCfg = Debug|Any CPU
		{B53112EE-4C50-459C-A2C3-CA839F90B6EB}.Debug|x64.Build.0 = Debug|Any CPU
		{B53112EE-4C50-459C-A2C3-CA839F90B6EB}.Debug|x64.Deploy.0 = Debug|Any CPU
		{B53112EE-4C50-459C-A2C3-CA839F90B6EB}.Debug|x86.ActiveCfg = Debug|Any CPU
		{B53112EE-4C50-459C-A2C3-CA839F90B6EB}.Debug|x86.Build.0 = Debug|Any CPU
		{B53112EE-4C50-459C-A2C3-CA839F90B6EB}.Debug|x86.Deploy.0 = Debug|Any CPU
		{B53112EE-4C50-459C-A2C3-CA839F90B6EB}.Release|Any CPU.ActiveCfg = Release|Any CPU
		{B53112EE-4C50-459C-A2C3-CA839F90B6EB}.Release|Any CPU.Build.0 = Release|Any CPU
		{B53112EE-4C50-459C-A2C3-CA839F90B6EB}.Release|Any CPU.Deploy.0 = Release|Any CPU
		{B53112EE-4C50-459C-A2C3-CA839F90B6EB}.Release|ARM.ActiveCfg = Release|Any CPU
		{B53112EE-4C50-459C-A2C3-CA839F90B6EB}.Release|ARM.Build.0 = Release|Any CPU
		{B53112EE-4C50-459C-A2C3-CA839F90B6EB}.Release|ARM.Deploy.0 = Release|Any CPU
		{B53112EE-4C50-459C-A2C3-CA839F90B6EB}.Release|iPhone.ActiveCfg = Release|Any CPU
		{B53112EE-4C50-459C-A2C3-CA839F90B6EB}.Release|iPhone.Build.0 = Release|Any CPU
		{B53112EE-4C50-459C-A2C3-CA839F90B6EB}.Release|iPhone.Deploy.0 = Release|Any CPU
		{B53112EE-4C50-459C-A2C3-CA839F90B6EB}.Release|iPhoneSimulator.ActiveCfg = Release|Any CPU
		{B53112EE-4C50-459C-A2C3-CA839F90B6EB}.Release|iPhoneSimulator.Build.0 = Release|Any CPU
		{B53112EE-4C50-459C-A2C3-CA839F90B6EB}.Release|iPhoneSimulator.Deploy.0 = Release|Any CPU
		{B53112EE-4C50-459C-A2C3-CA839F90B6EB}.Release|x64.ActiveCfg = Release|Any CPU
		{B53112EE-4C50-459C-A2C3-CA839F90B6EB}.Release|x64.Build.0 = Release|Any CPU
		{B53112EE-4C50-459C-A2C3-CA839F90B6EB}.Release|x64.Deploy.0 = Release|Any CPU
		{B53112EE-4C50-459C-A2C3-CA839F90B6EB}.Release|x86.ActiveCfg = Release|Any CPU
		{B53112EE-4C50-459C-A2C3-CA839F90B6EB}.Release|x86.Build.0 = Release|Any CPU
		{B53112EE-4C50-459C-A2C3-CA839F90B6EB}.Release|x86.Deploy.0 = Release|Any CPU
		{32BC8156-8411-4F22-9BA6-DA5BCE6C3259}.Debug|Any CPU.ActiveCfg = Debug|iPhone
		{32BC8156-8411-4F22-9BA6-DA5BCE6C3259}.Debug|Any CPU.Build.0 = Debug|iPhone
		{32BC8156-8411-4F22-9BA6-DA5BCE6C3259}.Debug|Any CPU.Deploy.0 = Debug|iPhone
		{32BC8156-8411-4F22-9BA6-DA5BCE6C3259}.Debug|ARM.ActiveCfg = Debug|iPhoneSimulator
		{32BC8156-8411-4F22-9BA6-DA5BCE6C3259}.Debug|ARM.Build.0 = Debug|iPhoneSimulator
		{32BC8156-8411-4F22-9BA6-DA5BCE6C3259}.Debug|ARM.Deploy.0 = Debug|iPhoneSimulator
		{32BC8156-8411-4F22-9BA6-DA5BCE6C3259}.Debug|iPhone.ActiveCfg = Debug|iPhone
		{32BC8156-8411-4F22-9BA6-DA5BCE6C3259}.Debug|iPhone.Build.0 = Debug|iPhone
		{32BC8156-8411-4F22-9BA6-DA5BCE6C3259}.Debug|iPhone.Deploy.0 = Debug|iPhone
		{32BC8156-8411-4F22-9BA6-DA5BCE6C3259}.Debug|iPhoneSimulator.ActiveCfg = Debug|iPhoneSimulator
		{32BC8156-8411-4F22-9BA6-DA5BCE6C3259}.Debug|iPhoneSimulator.Build.0 = Debug|iPhoneSimulator
		{32BC8156-8411-4F22-9BA6-DA5BCE6C3259}.Debug|iPhoneSimulator.Deploy.0 = Debug|iPhoneSimulator
		{32BC8156-8411-4F22-9BA6-DA5BCE6C3259}.Debug|x64.ActiveCfg = Debug|iPhone
		{32BC8156-8411-4F22-9BA6-DA5BCE6C3259}.Debug|x64.Build.0 = Debug|iPhone
		{32BC8156-8411-4F22-9BA6-DA5BCE6C3259}.Debug|x64.Deploy.0 = Debug|iPhone
		{32BC8156-8411-4F22-9BA6-DA5BCE6C3259}.Debug|x86.ActiveCfg = Debug|iPhone
		{32BC8156-8411-4F22-9BA6-DA5BCE6C3259}.Debug|x86.Build.0 = Debug|iPhone
		{32BC8156-8411-4F22-9BA6-DA5BCE6C3259}.Debug|x86.Deploy.0 = Debug|iPhone
		{32BC8156-8411-4F22-9BA6-DA5BCE6C3259}.Release|Any CPU.ActiveCfg = Release|iPhone
		{32BC8156-8411-4F22-9BA6-DA5BCE6C3259}.Release|Any CPU.Build.0 = Release|iPhone
		{32BC8156-8411-4F22-9BA6-DA5BCE6C3259}.Release|Any CPU.Deploy.0 = Release|iPhone
		{32BC8156-8411-4F22-9BA6-DA5BCE6C3259}.Release|ARM.ActiveCfg = Release|iPhone
		{32BC8156-8411-4F22-9BA6-DA5BCE6C3259}.Release|ARM.Build.0 = Release|iPhone
		{32BC8156-8411-4F22-9BA6-DA5BCE6C3259}.Release|ARM.Deploy.0 = Release|iPhone
		{32BC8156-8411-4F22-9BA6-DA5BCE6C3259}.Release|iPhone.ActiveCfg = Release|iPhone
		{32BC8156-8411-4F22-9BA6-DA5BCE6C3259}.Release|iPhone.Build.0 = Release|iPhone
		{32BC8156-8411-4F22-9BA6-DA5BCE6C3259}.Release|iPhone.Deploy.0 = Release|iPhone
		{32BC8156-8411-4F22-9BA6-DA5BCE6C3259}.Release|iPhoneSimulator.ActiveCfg = Release|iPhoneSimulator
		{32BC8156-8411-4F22-9BA6-DA5BCE6C3259}.Release|iPhoneSimulator.Build.0 = Release|iPhoneSimulator
		{32BC8156-8411-4F22-9BA6-DA5BCE6C3259}.Release|iPhoneSimulator.Deploy.0 = Release|iPhoneSimulator
		{32BC8156-8411-4F22-9BA6-DA5BCE6C3259}.Release|x64.ActiveCfg = Release|iPhone
		{32BC8156-8411-4F22-9BA6-DA5BCE6C3259}.Release|x64.Build.0 = Release|iPhone
		{32BC8156-8411-4F22-9BA6-DA5BCE6C3259}.Release|x64.Deploy.0 = Release|iPhone
		{32BC8156-8411-4F22-9BA6-DA5BCE6C3259}.Release|x86.ActiveCfg = Release|iPhone
		{32BC8156-8411-4F22-9BA6-DA5BCE6C3259}.Release|x86.Build.0 = Release|iPhone
		{32BC8156-8411-4F22-9BA6-DA5BCE6C3259}.Release|x86.Deploy.0 = Release|iPhone
		{B54413CE-C0EB-4166-88DC-F7BA614B88BE}.Debug|Any CPU.ActiveCfg = Debug|Any CPU
		{B54413CE-C0EB-4166-88DC-F7BA614B88BE}.Debug|Any CPU.Build.0 = Debug|Any CPU
		{B54413CE-C0EB-4166-88DC-F7BA614B88BE}.Debug|Any CPU.Deploy.0 = Debug|Any CPU
		{B54413CE-C0EB-4166-88DC-F7BA614B88BE}.Debug|ARM.ActiveCfg = Debug|Any CPU
		{B54413CE-C0EB-4166-88DC-F7BA614B88BE}.Debug|ARM.Build.0 = Debug|Any CPU
		{B54413CE-C0EB-4166-88DC-F7BA614B88BE}.Debug|ARM.Deploy.0 = Debug|Any CPU
		{B54413CE-C0EB-4166-88DC-F7BA614B88BE}.Debug|iPhone.ActiveCfg = Debug|Any CPU
		{B54413CE-C0EB-4166-88DC-F7BA614B88BE}.Debug|iPhone.Build.0 = Debug|Any CPU
		{B54413CE-C0EB-4166-88DC-F7BA614B88BE}.Debug|iPhone.Deploy.0 = Debug|Any CPU
		{B54413CE-C0EB-4166-88DC-F7BA614B88BE}.Debug|iPhoneSimulator.ActiveCfg = Debug|Any CPU
		{B54413CE-C0EB-4166-88DC-F7BA614B88BE}.Debug|iPhoneSimulator.Build.0 = Debug|Any CPU
		{B54413CE-C0EB-4166-88DC-F7BA614B88BE}.Debug|iPhoneSimulator.Deploy.0 = Debug|Any CPU
		{B54413CE-C0EB-4166-88DC-F7BA614B88BE}.Debug|x64.ActiveCfg = Debug|Any CPU
		{B54413CE-C0EB-4166-88DC-F7BA614B88BE}.Debug|x64.Build.0 = Debug|Any CPU
		{B54413CE-C0EB-4166-88DC-F7BA614B88BE}.Debug|x64.Deploy.0 = Debug|Any CPU
		{B54413CE-C0EB-4166-88DC-F7BA614B88BE}.Debug|x86.ActiveCfg = Debug|Any CPU
		{B54413CE-C0EB-4166-88DC-F7BA614B88BE}.Debug|x86.Build.0 = Debug|Any CPU
		{B54413CE-C0EB-4166-88DC-F7BA614B88BE}.Debug|x86.Deploy.0 = Debug|Any CPU
		{B54413CE-C0EB-4166-88DC-F7BA614B88BE}.Release|Any CPU.ActiveCfg = Release|Any CPU
		{B54413CE-C0EB-4166-88DC-F7BA614B88BE}.Release|Any CPU.Build.0 = Release|Any CPU
		{B54413CE-C0EB-4166-88DC-F7BA614B88BE}.Release|Any CPU.Deploy.0 = Release|Any CPU
		{B54413CE-C0EB-4166-88DC-F7BA614B88BE}.Release|ARM.ActiveCfg = Release|Any CPU
		{B54413CE-C0EB-4166-88DC-F7BA614B88BE}.Release|ARM.Build.0 = Release|Any CPU
		{B54413CE-C0EB-4166-88DC-F7BA614B88BE}.Release|ARM.Deploy.0 = Release|Any CPU
		{B54413CE-C0EB-4166-88DC-F7BA614B88BE}.Release|iPhone.ActiveCfg = Release|Any CPU
		{B54413CE-C0EB-4166-88DC-F7BA614B88BE}.Release|iPhone.Build.0 = Release|Any CPU
		{B54413CE-C0EB-4166-88DC-F7BA614B88BE}.Release|iPhone.Deploy.0 = Release|Any CPU
		{B54413CE-C0EB-4166-88DC-F7BA614B88BE}.Release|iPhoneSimulator.ActiveCfg = Release|Any CPU
		{B54413CE-C0EB-4166-88DC-F7BA614B88BE}.Release|iPhoneSimulator.Build.0 = Release|Any CPU
		{B54413CE-C0EB-4166-88DC-F7BA614B88BE}.Release|iPhoneSimulator.Deploy.0 = Release|Any CPU
		{B54413CE-C0EB-4166-88DC-F7BA614B88BE}.Release|x64.ActiveCfg = Release|Any CPU
		{B54413CE-C0EB-4166-88DC-F7BA614B88BE}.Release|x64.Build.0 = Release|Any CPU
		{B54413CE-C0EB-4166-88DC-F7BA614B88BE}.Release|x64.Deploy.0 = Release|Any CPU
		{B54413CE-C0EB-4166-88DC-F7BA614B88BE}.Release|x86.ActiveCfg = Release|Any CPU
		{B54413CE-C0EB-4166-88DC-F7BA614B88BE}.Release|x86.Build.0 = Release|Any CPU
		{B54413CE-C0EB-4166-88DC-F7BA614B88BE}.Release|x86.Deploy.0 = Release|Any CPU
	EndGlobalSection
	GlobalSection(SolutionProperties) = preSolution
		HideSolutionNode = FALSE
	EndGlobalSection
	GlobalSection(ExtensibilityGlobals) = postSolution
		SolutionGuid = {258EF633-8A3E-40E3-9A96-508E083C8DEE}
	EndGlobalSection
EndGlobal
